<?xml version="1.0" encoding="utf-8"?>
<Project ToolsVersion="4.0" xmlns="http://schemas.microsoft.com/developer/msbuild/2003">
  <ItemGroup>
    <Filter Include="Share">
      <UniqueIdentifier>{1719590f-84a6-445a-b272-def833e54e5a}</UniqueIdentifier>
    </Filter>
    <Filter Include="helper">
      <UniqueIdentifier>{870da44e-f30c-47c9-b4cb-c96b85d22452}</UniqueIdentifier>
    </Filter>
  </ItemGroup>
  <ItemGroup>
    <ClInclude Include="..\..\Share\defines.h">
      <Filter>Share</Filter>
    </ClInclude>
    <ClInclude Include="..\..\Share\enum.h">
      <Filter>Share</Filter>
    </ClInclude>
    <ClInclude Include="..\..\Share\FastSpinlock.h">
      <Filter>Share</Filter>
    </ClInclude>
    <ClInclude Include="..\..\Share\includes.h">
      <Filter>Share</Filter>
    </ClInclude>
    <ClInclude Include="..\..\Share\Protocol.h">
      <Filter>Share</Filter>
    </ClInclude>
    <ClInclude Include="..\..\Share\SocketUtil.h">
      <Filter>Share</Filter>
    </ClInclude>
    <ClInclude Include="..\..\Share\SUNKUE.h">
      <Filter>Share</Filter>
    </ClInclude>
    <ClInclude Include="..\..\Share\Thread_Pool.h">
      <Filter>Share</Filter>
    </ClInclude>
    <ClInclude Include="..\..\Share\types.h">
      <Filter>Share</Filter>
    </ClInclude>
    <ClInclude Include="stdafx.h">
      <Filter>helper</Filter>
    </ClInclude>
  </ItemGroup>
  <ItemGroup>
    <ClCompile Include="..\..\Share\SocketUtil.cpp">
      <Filter>Share</Filter>
    </ClCompile>
    <ClCompile Include="main.cpp" />
    <ClCompile Include="stdafx.cpp">
      <Filter>helper</Filter>
    </ClCompile>
  </ItemGroup>
</Project>