<?xml version="1.0" encoding="utf-8"?>
<Project ToolsVersion="4.0" xmlns="http://schemas.microsoft.com/developer/msbuild/2003">
  <ItemGroup>
    <Filter Include="Share">
      <UniqueIdentifier>{1719590f-84a6-445a-b272-def833e54e5a}</UniqueIdentifier>
    </Filter>
    <Filter Include="helper">
      <UniqueIdentifier>{870da44e-f30c-47c9-b4cb-c96b85d22452}</UniqueIdentifier>
    </Filter>
    <Filter Include="Server">
      <UniqueIdentifier>{7e1253c4-9993-467f-9659-24aa60b27a06}</UniqueIdentifier>
    </Filter>
    <Filter Include="Server\MainThread">
      <UniqueIdentifier>{3f12df2f-835d-41db-8929-71ed97bb876f}</UniqueIdentifier>
    </Filter>
    <Filter Include="Server\Network">
      <UniqueIdentifier>{53663c63-53d9-4b34-8919-face550d4dbe}</UniqueIdentifier>
    </Filter>
    <Filter Include="Server\Network\Session">
      <UniqueIdentifier>{3a99e9f3-407e-489d-9580-6513a19a2655}</UniqueIdentifier>
    </Filter>
    <Filter Include="Server\Network\IocpThread">
      <UniqueIdentifier>{6d1583e9-adc1-4607-a361-2dd3e3ee2a51}</UniqueIdentifier>
    </Filter>
    <Filter Include="Server\Network\ListenSocket">
      <UniqueIdentifier>{586c08bd-4bdd-4e83-af47-580c69ae3917}</UniqueIdentifier>
    </Filter>
    <Filter Include="Server\Network\IocpHelper">
      <UniqueIdentifier>{faea5df5-c103-4daa-93bd-73f007da2917}</UniqueIdentifier>
    </Filter>
    <Filter Include="Server\Game">
      <UniqueIdentifier>{62639a44-3c75-43ad-935b-5bb220965cb9}</UniqueIdentifier>
    </Filter>
    <Filter Include="Server\Game\GameData">
      <UniqueIdentifier>{5fcd6ec0-936d-47ff-bb51-4a63dfc449ff}</UniqueIdentifier>
    </Filter>
  </ItemGroup>
  <ItemGroup>
    <ClInclude Include="..\..\Share\enum.h">
      <Filter>Share</Filter>
    </ClInclude>
    <ClInclude Include="..\..\Share\Spinlock.h">
      <Filter>Share</Filter>
    </ClInclude>
    <ClInclude Include="..\..\Share\includes.h">
      <Filter>Share</Filter>
    </ClInclude>
    <ClInclude Include="..\..\Share\Protocol.h">
      <Filter>Share</Filter>
    </ClInclude>
    <ClInclude Include="..\..\Share\SocketUtil.h">
      <Filter>Share</Filter>
    </ClInclude>
    <ClInclude Include="..\..\Share\SUNKUE.h">
      <Filter>Share</Filter>
    </ClInclude>
    <ClInclude Include="..\..\Share\Thread_Pool.h">
      <Filter>Share</Filter>
    </ClInclude>
    <ClInclude Include="..\..\Share\types.h">
      <Filter>Share</Filter>
    </ClInclude>
    <ClInclude Include="stdafx.h">
      <Filter>helper</Filter>
    </ClInclude>
    <ClInclude Include="GameData.h">
      <Filter>Server\Game\GameData</Filter>
    </ClInclude>
    <ClInclude Include="ListenSocket.h">
      <Filter>Server\Network\ListenSocket</Filter>
    </ClInclude>
    <ClInclude Include="IOCP.h">
      <Filter>Server\Network\IocpThread</Filter>
    </ClInclude>
    <ClInclude Include="IocpHelper.h">
      <Filter>Server\Network\IocpHelper</Filter>
    </ClInclude>
    <ClInclude Include="Session.h">
      <Filter>Server\Network\Session</Filter>
    </ClInclude>
  </ItemGroup>
  <ItemGroup>
    <ClCompile Include="..\..\Share\SocketUtil.cpp">
      <Filter>Share</Filter>
    </ClCompile>
    <ClCompile Include="stdafx.cpp">
      <Filter>helper</Filter>
    </ClCompile>
    <ClCompile Include="temp.cpp">
      <Filter>Server\MainThread</Filter>
    </ClCompile>
    <ClCompile Include="GameData.cpp">
      <Filter>Server\Game\GameData</Filter>
    </ClCompile>
    <ClCompile Include="ListenSocket.cpp">
      <Filter>Server\Network\ListenSocket</Filter>
    </ClCompile>
    <ClCompile Include="IOCP.cpp">
      <Filter>Server\Network\IocpThread</Filter>
    </ClCompile>
    <ClCompile Include="Session.cpp">
      <Filter>Server\Network\Session</Filter>
    </ClCompile>
    <ClCompile Include="server_main.cpp">
      <Filter>Server\MainThread</Filter>
    </ClCompile>
  </ItemGroup>
</Project>